
Microsoft Visual Studio Solution File, Format Version 12.00
# Visual Studio Version 17
VisualStudioVersion = 17.0.32112.339
MinimumVisualStudioVersion = 10.0.40219.1
Project("{9A19103F-16F7-4668-BE54-9A1E7A4F7556}") = "exercicio 1", "exercicio 1\exercicio 1.csproj", "{08EEA1B0-5FBF-4AB3-B826-CBA301CC4CA7}"
EndProject
Project("{9A19103F-16F7-4668-BE54-9A1E7A4F7556}") = "exercicio 2", "exercicio 2\exercicio 2.csproj", "{62F2442D-7560-494D-9F74-CF01ABAD7BB9}"
EndProject
Project("{9A19103F-16F7-4668-BE54-9A1E7A4F7556}") = "exercicio 3", "exercicio 3\exercicio 3.csproj", "{F21B24E9-4A7A-472F-8F54-D4EFD15C3F1D}"
EndProject
Project("{9A19103F-16F7-4668-BE54-9A1E7A4F7556}") = "exercicio 4", "exercicio 4\exercicio 4.csproj", "{5F26E34A-BBA6-4041-BF36-4ED702DAC13C}"
EndProject
Project("{9A19103F-16F7-4668-BE54-9A1E7A4F7556}") = "exercicio 5", "exercicio 5\exercicio 5.csproj", "{860A2055-0F23-4BC3-9EB8-B6C5BDBD61DA}"
EndProject
Global
	GlobalSection(SolutionConfigurationPlatforms) = preSolution
		Debug|Any CPU = Debug|Any CPU
		Release|Any CPU = Release|Any CPU
	EndGlobalSection
	GlobalSection(ProjectConfigurationPlatforms) = postSolution
		{08EEA1B0-5FBF-4AB3-B826-CBA301CC4CA7}.Debug|Any CPU.ActiveCfg = Debug|Any CPU
		{08EEA1B0-5FBF-4AB3-B826-CBA301CC4CA7}.Debug|Any CPU.Build.0 = Debug|Any CPU
		{08EEA1B0-5FBF-4AB3-B826-CBA301CC4CA7}.Release|Any CPU.ActiveCfg = Release|Any CPU
		{08EEA1B0-5FBF-4AB3-B826-CBA301CC4CA7}.Release|Any CPU.Build.0 = Release|Any CPU
		{62F2442D-7560-494D-9F74-CF01ABAD7BB9}.Debug|Any CPU.ActiveCfg = Debug|Any CPU
		{62F2442D-7560-494D-9F74-CF01ABAD7BB9}.Debug|Any CPU.Build.0 = Debug|Any CPU
		{62F2442D-7560-494D-9F74-CF01ABAD7BB9}.Release|Any CPU.ActiveCfg = Release|Any CPU
		{62F2442D-7560-494D-9F74-CF01ABAD7BB9}.Release|Any CPU.Build.0 = Release|Any CPU
		{F21B24E9-4A7A-472F-8F54-D4EFD15C3F1D}.Debug|Any CPU.ActiveCfg = Debug|Any CPU
		{F21B24E9-4A7A-472F-8F54-D4EFD15C3F1D}.Debug|Any CPU.Build.0 = Debug|Any CPU
		{F21B24E9-4A7A-472F-8F54-D4EFD15C3F1D}.Release|Any CPU.ActiveCfg = Release|Any CPU
		{F21B24E9-4A7A-472F-8F54-D4EFD15C3F1D}.Release|Any CPU.Build.0 = Release|Any CPU
		{5F26E34A-BBA6-4041-BF36-4ED702DAC13C}.Debug|Any CPU.ActiveCfg = Debug|Any CPU
		{5F26E34A-BBA6-4041-BF36-4ED702DAC13C}.Debug|Any CPU.Build.0 = Debug|Any CPU
		{5F26E34A-BBA6-4041-BF36-4ED702DAC13C}.Release|Any CPU.ActiveCfg = Release|Any CPU
		{5F26E34A-BBA6-4041-BF36-4ED702DAC13C}.Release|Any CPU.Build.0 = Release|Any CPU
		{860A2055-0F23-4BC3-9EB8-B6C5BDBD61DA}.Debug|Any CPU.ActiveCfg = Debug|Any CPU
		{860A2055-0F23-4BC3-9EB8-B6C5BDBD61DA}.Debug|Any CPU.Build.0 = Debug|Any CPU
		{860A2055-0F23-4BC3-9EB8-B6C5BDBD61DA}.Release|Any CPU.ActiveCfg = Release|Any CPU
		{860A2055-0F23-4BC3-9EB8-B6C5BDBD61DA}.Release|Any CPU.Build.0 = Release|Any CPU
	EndGlobalSection
	GlobalSection(SolutionProperties) = preSolution
		HideSolutionNode = FALSE
	EndGlobalSection
	GlobalSection(ExtensibilityGlobals) = postSolution
		SolutionGuid = {DB73A10E-0244-4546-8255-CCA955B480F0}
	EndGlobalSection
EndGlobal
